
Microsoft Visual Studio Solution File, Format Version 12.00
# Visual Studio 15
Project("{FAE04EC0-301F-11D3-BF4B-00C04F79EFBC}") = "UnityEngine.TestRunner", "UnityEngine.TestRunner.csproj", "{935A6A1D-7D08-B818-4F75-5FF3BA3F9145}"
EndProject
Project("{FAE04EC0-301F-11D3-BF4B-00C04F79EFBC}") = "Unity.Mathematics", "Unity.Mathematics.csproj", "{E7ED08A9-AF10-0837-DBC7-A6B633C67364}"
EndProject
Project("{FAE04EC0-301F-11D3-BF4B-00C04F79EFBC}") = "Unity.2D.Animation.Triangle.Runtime", "Unity.2D.Animation.Triangle.Runtime.csproj", "{69BDB072-DDDD-70C6-0120-15639C34FB12}"
EndProject
Project("{FAE04EC0-301F-11D3-BF4B-00C04F79EFBC}") = "Unity.Timeline", "Unity.Timeline.csproj", "{1C17B265-A56E-5BBE-49C1-AAE596A5938A}"
EndProject
Project("{FAE04EC0-301F-11D3-BF4B-00C04F79EFBC}") = "UnityEngine.UI", "UnityEngine.UI.csproj", "{29394784-6D91-B1BF-7781-869A8BA449C5}"
EndProject
Project("{FAE04EC0-301F-11D3-BF4B-00C04F79EFBC}") = "Unity.TextMeshPro", "Unity.TextMeshPro.csproj", "{71035119-40D8-D553-D43F-063A3AAED973}"
EndProject
Project("{FAE04EC0-301F-11D3-BF4B-00C04F79EFBC}") = "Assembly-CSharp", "Assembly-CSharp.csproj", "{898E9967-6451-9CF8-D357-B944E109BBB4}"
EndProject
Project("{FAE04EC0-301F-11D3-BF4B-00C04F79EFBC}") = "Unity.Collections", "Unity.Collections.csproj", "{509E951C-80BE-CAE1-00B0-09FFC06269F2}"
EndProject
Project("{FAE04EC0-301F-11D3-BF4B-00C04F79EFBC}") = "Unity.Burst", "Unity.Burst.csproj", "{7F4BAADE-E7D2-FB6E-89D4-F3E09B095158}"
EndProject
Project("{FAE04EC0-301F-11D3-BF4B-00C04F79EFBC}") = "Unity.2D.Animation.Runtime", "Unity.2D.Animation.Runtime.csproj", "{64CA3D9C-0C57-DB54-0267-6CA2FE21B65C}"
EndProject
Project("{FAE04EC0-301F-11D3-BF4B-00C04F79EFBC}") = "Unity.2D.IK.Runtime", "Unity.2D.IK.Runtime.csproj", "{988E96D6-926F-68BC-A875-A55E101D9DC0}"
EndProject
Project("{FAE04EC0-301F-11D3-BF4B-00C04F79EFBC}") = "Unity.Networking.Transport", "Unity.Networking.Transport.csproj", "{32555F33-7076-512A-4C1F-94685C915079}"
EndProject
Project("{FAE04EC0-301F-11D3-BF4B-00C04F79EFBC}") = "Unity.2D.SpriteShape.Runtime", "Unity.2D.SpriteShape.Runtime.csproj", "{4493BE45-F9FD-F363-7FCB-6BE219023A6E}"
EndProject
Project("{FAE04EC0-301F-11D3-BF4B-00C04F79EFBC}") = "Unity.2D.PixelPerfect", "Unity.2D.PixelPerfect.csproj", "{C9914125-D5EE-AB39-08A3-2908BD7D10BC}"
EndProject
Project("{FAE04EC0-301F-11D3-BF4B-00C04F79EFBC}") = "Unity.2D.Common.Runtime", "Unity.2D.Common.Runtime.csproj", "{0BD15825-89CA-6C5B-A954-4BF44A265E64}"
EndProject
Project("{FAE04EC0-301F-11D3-BF4B-00C04F79EFBC}") = "Unity.InternalAPIEngineBridge.001", "Unity.InternalAPIEngineBridge.001.csproj", "{47D944C4-1F98-6F6E-C269-946BD1B33633}"
EndProject
Project("{FAE04EC0-301F-11D3-BF4B-00C04F79EFBC}") = "UnityEditor.TestRunner", "UnityEditor.TestRunner.csproj", "{075DE5F9-3AC5-B489-2CC9-24533D5E9B44}"
EndProject
Project("{FAE04EC0-301F-11D3-BF4B-00C04F79EFBC}") = "Unity.PlasticSCM.Editor", "Unity.PlasticSCM.Editor.csproj", "{D76E5DF0-F098-9570-A84C-CAD6C9313734}"
EndProject
Project("{FAE04EC0-301F-11D3-BF4B-00C04F79EFBC}") = "UnityEditor.UI", "UnityEditor.UI.csproj", "{C6F86602-97B4-82D1-58C6-E05034CBCBF1}"
EndProject
Project("{FAE04EC0-301F-11D3-BF4B-00C04F79EFBC}") = "Unity.Services.Core.Editor", "Unity.Services.Core.Editor.csproj", "{FEE71BD3-1EE2-5001-09C7-157EA0D527F2}"
EndProject
Project("{FAE04EC0-301F-11D3-BF4B-00C04F79EFBC}") = "Unity.Timeline.Editor", "Unity.Timeline.Editor.csproj", "{79A925C4-57C4-A4FE-C745-9224D0466F9B}"
EndProject
Project("{FAE04EC0-301F-11D3-BF4B-00C04F79EFBC}") = "Unity.VisualStudio.Editor", "Unity.VisualStudio.Editor.csproj", "{7857EB9B-FB65-9B3D-59AF-65B8181E677D}"
EndProject
Project("{FAE04EC0-301F-11D3-BF4B-00C04F79EFBC}") = "Unity.2D.Psdimporter.Editor", "Unity.2D.Psdimporter.Editor.csproj", "{E0707F3C-80EF-C9E8-901F-0C70C9BC0694}"
EndProject
Project("{FAE04EC0-301F-11D3-BF4B-00C04F79EFBC}") = "Unity.2D.Animation.Editor", "Unity.2D.Animation.Editor.csproj", "{796F1E20-4033-BEA7-28D2-89338ED667FF}"
EndProject
Project("{FAE04EC0-301F-11D3-BF4B-00C04F79EFBC}") = "Unity.TextMeshPro.Editor", "Unity.TextMeshPro.Editor.csproj", "{6C6A91B8-E7B4-A11D-75D8-288C5D9D2DB9}"
EndProject
Project("{FAE04EC0-301F-11D3-BF4B-00C04F79EFBC}") = "Unity.2D.SpriteShape.Editor", "Unity.2D.SpriteShape.Editor.csproj", "{138C92A5-1295-1E33-A9F4-E3DC22A59F93}"
EndProject
Project("{FAE04EC0-301F-11D3-BF4B-00C04F79EFBC}") = "Unity.CollabProxy.Editor", "Unity.CollabProxy.Editor.csproj", "{1C7C68FD-5776-CECE-25D8-9989A7508EE6}"
EndProject
Project("{FAE04EC0-301F-11D3-BF4B-00C04F79EFBC}") = "PsdPlugin", "PsdPlugin.csproj", "{1778C4AF-B911-1FCA-D226-35335B2E4F1F}"
EndProject
Project("{FAE04EC0-301F-11D3-BF4B-00C04F79EFBC}") = "Unity.2D.Path.Editor", "Unity.2D.Path.Editor.csproj", "{1E4EB9DC-7A73-11E9-DA34-71D146CA8729}"
EndProject
Project("{FAE04EC0-301F-11D3-BF4B-00C04F79EFBC}") = "Unity.Rider.Editor", "Unity.Rider.Editor.csproj", "{E420758D-B5DE-4534-5108-89B38997E1BC}"
EndProject
Project("{FAE04EC0-301F-11D3-BF4B-00C04F79EFBC}") = "Unity.Collections.BurstCompatibilityGen", "Unity.Collections.BurstCompatibilityGen.csproj", "{FB6C970D-916B-7648-D7DE-FE43327DFF26}"
EndProject
Project("{FAE04EC0-301F-11D3-BF4B-00C04F79EFBC}") = "Unity.2D.IK.Editor", "Unity.2D.IK.Editor.csproj", "{5F2A2CB6-F7D2-143F-67EF-9745F2C654AC}"
EndProject
Project("{FAE04EC0-301F-11D3-BF4B-00C04F79EFBC}") = "Unity.Burst.Editor", "Unity.Burst.Editor.csproj", "{63815C63-6A56-8E54-190F-7DF91F22D825}"
EndProject
Project("{FAE04EC0-301F-11D3-BF4B-00C04F79EFBC}") = "Unity.Burst.CodeGen", "Unity.Burst.CodeGen.csproj", "{07DFDC56-8EBF-0AC5-6AF5-6CB0A6DEFA74}"
EndProject
Project("{FAE04EC0-301F-11D3-BF4B-00C04F79EFBC}") = "Unity.2D.Sprite.Editor", "Unity.2D.Sprite.Editor.csproj", "{DFF82187-12D7-0ADB-4C34-9962B5020011}"
EndProject
Project("{FAE04EC0-301F-11D3-BF4B-00C04F79EFBC}") = "Unity.2D.Tilemap.Editor", "Unity.2D.Tilemap.Editor.csproj", "{B802B820-7731-D4A4-AAA0-1446CA0D4273}"
EndProject
Project("{FAE04EC0-301F-11D3-BF4B-00C04F79EFBC}") = "Unity.2D.PixelPerfect.Editor", "Unity.2D.PixelPerfect.Editor.csproj", "{AFC7E04A-B2E1-9013-F507-555D5AE70AF8}"
EndProject
Project("{FAE04EC0-301F-11D3-BF4B-00C04F79EFBC}") = "Unity.VSCode.Editor", "Unity.VSCode.Editor.csproj", "{12920C47-61E5-457D-AAFF-449B3EDA001E}"
EndProject
Project("{FAE04EC0-301F-11D3-BF4B-00C04F79EFBC}") = "Unity.2D.Common.Editor", "Unity.2D.Common.Editor.csproj", "{8F86DFA0-6C7D-B54E-2BD8-6BC50B2FC6C2}"
EndProject
Project("{FAE04EC0-301F-11D3-BF4B-00C04F79EFBC}") = "Unity.Mathematics.Editor", "Unity.Mathematics.Editor.csproj", "{DB4CD7A4-92F8-3AF8-E057-D3C4BCCAF327}"
EndProject
Project("{FAE04EC0-301F-11D3-BF4B-00C04F79EFBC}") = "Unity.InternalAPIEditorBridge.001", "Unity.InternalAPIEditorBridge.001.csproj", "{6A240AB2-8C30-AF66-1667-3BD75EA5F683}"
EndProject
Project("{FAE04EC0-301F-11D3-BF4B-00C04F79EFBC}") = "Unity.Networking.Editor", "Unity.Networking.Editor.csproj", "{619287D7-A373-1EA5-7E1F-3DDA074AD04E}"
EndProject
Global
	GlobalSection(SolutionConfigurationPlatforms) = preSolution
		Debug|Any CPU = Debug|Any CPU
		Release|Any CPU = Release|Any CPU
	EndGlobalSection
	GlobalSection(ProjectConfigurationPlatforms) = postSolution
		{935A6A1D-7D08-B818-4F75-5FF3BA3F9145}.Debug|Any CPU.ActiveCfg = Debug|Any CPU
		{935A6A1D-7D08-B818-4F75-5FF3BA3F9145}.Debug|Any CPU.Build.0 = Debug|Any CPU
		{935A6A1D-7D08-B818-4F75-5FF3BA3F9145}.Release|Any CPU.ActiveCfg = Release|Any CPU
		{935A6A1D-7D08-B818-4F75-5FF3BA3F9145}.Release|Any CPU.Build.0 = Release|Any CPU
		{E7ED08A9-AF10-0837-DBC7-A6B633C67364}.Debug|Any CPU.ActiveCfg = Debug|Any CPU
		{E7ED08A9-AF10-0837-DBC7-A6B633C67364}.Debug|Any CPU.Build.0 = Debug|Any CPU
		{E7ED08A9-AF10-0837-DBC7-A6B633C67364}.Release|Any CPU.ActiveCfg = Release|Any CPU
		{E7ED08A9-AF10-0837-DBC7-A6B633C67364}.Release|Any CPU.Build.0 = Release|Any CPU
		{69BDB072-DDDD-70C6-0120-15639C34FB12}.Debug|Any CPU.ActiveCfg = Debug|Any CPU
		{69BDB072-DDDD-70C6-0120-15639C34FB12}.Debug|Any CPU.Build.0 = Debug|Any CPU
		{69BDB072-DDDD-70C6-0120-15639C34FB12}.Release|Any CPU.ActiveCfg = Release|Any CPU
		{69BDB072-DDDD-70C6-0120-15639C34FB12}.Release|Any CPU.Build.0 = Release|Any CPU
		{1C17B265-A56E-5BBE-49C1-AAE596A5938A}.Debug|Any CPU.ActiveCfg = Debug|Any CPU
		{1C17B265-A56E-5BBE-49C1-AAE596A5938A}.Debug|Any CPU.Build.0 = Debug|Any CPU
		{1C17B265-A56E-5BBE-49C1-AAE596A5938A}.Release|Any CPU.ActiveCfg = Release|Any CPU
		{1C17B265-A56E-5BBE-49C1-AAE596A5938A}.Release|Any CPU.Build.0 = Release|Any CPU
		{29394784-6D91-B1BF-7781-869A8BA449C5}.Debug|Any CPU.ActiveCfg = Debug|Any CPU
		{29394784-6D91-B1BF-7781-869A8BA449C5}.Debug|Any CPU.Build.0 = Debug|Any CPU
		{29394784-6D91-B1BF-7781-869A8BA449C5}.Release|Any CPU.ActiveCfg = Release|Any CPU
		{29394784-6D91-B1BF-7781-869A8BA449C5}.Release|Any CPU.Build.0 = Release|Any CPU
		{71035119-40D8-D553-D43F-063A3AAED973}.Debug|Any CPU.ActiveCfg = Debug|Any CPU
		{71035119-40D8-D553-D43F-063A3AAED973}.Debug|Any CPU.Build.0 = Debug|Any CPU
		{71035119-40D8-D553-D43F-063A3AAED973}.Release|Any CPU.ActiveCfg = Release|Any CPU
		{71035119-40D8-D553-D43F-063A3AAED973}.Release|Any CPU.Build.0 = Release|Any CPU
		{898E9967-6451-9CF8-D357-B944E109BBB4}.Debug|Any CPU.ActiveCfg = Debug|Any CPU
		{898E9967-6451-9CF8-D357-B944E109BBB4}.Debug|Any CPU.Build.0 = Debug|Any CPU
		{898E9967-6451-9CF8-D357-B944E109BBB4}.Release|Any CPU.ActiveCfg = Release|Any CPU
		{898E9967-6451-9CF8-D357-B944E109BBB4}.Release|Any CPU.Build.0 = Release|Any CPU
		{509E951C-80BE-CAE1-00B0-09FFC06269F2}.Debug|Any CPU.ActiveCfg = Debug|Any CPU
		{509E951C-80BE-CAE1-00B0-09FFC06269F2}.Debug|Any CPU.Build.0 = Debug|Any CPU
		{509E951C-80BE-CAE1-00B0-09FFC06269F2}.Release|Any CPU.ActiveCfg = Release|Any CPU
		{509E951C-80BE-CAE1-00B0-09FFC06269F2}.Release|Any CPU.Build.0 = Release|Any CPU
		{7F4BAADE-E7D2-FB6E-89D4-F3E09B095158}.Debug|Any CPU.ActiveCfg = Debug|Any CPU
		{7F4BAADE-E7D2-FB6E-89D4-F3E09B095158}.Debug|Any CPU.Build.0 = Debug|Any CPU
		{7F4BAADE-E7D2-FB6E-89D4-F3E09B095158}.Release|Any CPU.ActiveCfg = Release|Any CPU
		{7F4BAADE-E7D2-FB6E-89D4-F3E09B095158}.Release|Any CPU.Build.0 = Release|Any CPU
		{64CA3D9C-0C57-DB54-0267-6CA2FE21B65C}.Debug|Any CPU.ActiveCfg = Debug|Any CPU
		{64CA3D9C-0C57-DB54-0267-6CA2FE21B65C}.Debug|Any CPU.Build.0 = Debug|Any CPU
		{64CA3D9C-0C57-DB54-0267-6CA2FE21B65C}.Release|Any CPU.ActiveCfg = Release|Any CPU
		{64CA3D9C-0C57-DB54-0267-6CA2FE21B65C}.Release|Any CPU.Build.0 = Release|Any CPU
		{988E96D6-926F-68BC-A875-A55E101D9DC0}.Debug|Any CPU.ActiveCfg = Debug|Any CPU
		{988E96D6-926F-68BC-A875-A55E101D9DC0}.Debug|Any CPU.Build.0 = Debug|Any CPU
		{988E96D6-926F-68BC-A875-A55E101D9DC0}.Release|Any CPU.ActiveCfg = Release|Any CPU
		{988E96D6-926F-68BC-A875-A55E101D9DC0}.Release|Any CPU.Build.0 = Release|Any CPU
		{32555F33-7076-512A-4C1F-94685C915079}.Debug|Any CPU.ActiveCfg = Debug|Any CPU
		{32555F33-7076-512A-4C1F-94685C915079}.Debug|Any CPU.Build.0 = Debug|Any CPU
		{32555F33-7076-512A-4C1F-94685C915079}.Release|Any CPU.ActiveCfg = Release|Any CPU
		{32555F33-7076-512A-4C1F-94685C915079}.Release|Any CPU.Build.0 = Release|Any CPU
		{4493BE45-F9FD-F363-7FCB-6BE219023A6E}.Debug|Any CPU.ActiveCfg = Debug|Any CPU
		{4493BE45-F9FD-F363-7FCB-6BE219023A6E}.Debug|Any CPU.Build.0 = Debug|Any CPU
		{4493BE45-F9FD-F363-7FCB-6BE219023A6E}.Release|Any CPU.ActiveCfg = Release|Any CPU
		{4493BE45-F9FD-F363-7FCB-6BE219023A6E}.Release|Any CPU.Build.0 = Release|Any CPU
		{C9914125-D5EE-AB39-08A3-2908BD7D10BC}.Debug|Any CPU.ActiveCfg = Debug|Any CPU
		{C9914125-D5EE-AB39-08A3-2908BD7D10BC}.Debug|Any CPU.Build.0 = Debug|Any CPU
		{C9914125-D5EE-AB39-08A3-2908BD7D10BC}.Release|Any CPU.ActiveCfg = Release|Any CPU
		{C9914125-D5EE-AB39-08A3-2908BD7D10BC}.Release|Any CPU.Build.0 = Release|Any CPU
		{0BD15825-89CA-6C5B-A954-4BF44A265E64}.Debug|Any CPU.ActiveCfg = Debug|Any CPU
		{0BD15825-89CA-6C5B-A954-4BF44A265E64}.Debug|Any CPU.Build.0 = Debug|Any CPU
		{0BD15825-89CA-6C5B-A954-4BF44A265E64}.Release|Any CPU.ActiveCfg = Release|Any CPU
		{0BD15825-89CA-6C5B-A954-4BF44A265E64}.Release|Any CPU.Build.0 = Release|Any CPU
		{47D944C4-1F98-6F6E-C269-946BD1B33633}.Debug|Any CPU.ActiveCfg = Debug|Any CPU
		{47D944C4-1F98-6F6E-C269-946BD1B33633}.Debug|Any CPU.Build.0 = Debug|Any CPU
		{47D944C4-1F98-6F6E-C269-946BD1B33633}.Release|Any CPU.ActiveCfg = Release|Any CPU
		{47D944C4-1F98-6F6E-C269-946BD1B33633}.Release|Any CPU.Build.0 = Release|Any CPU
		{075DE5F9-3AC5-B489-2CC9-24533D5E9B44}.Debug|Any CPU.ActiveCfg = Debug|Any CPU
		{075DE5F9-3AC5-B489-2CC9-24533D5E9B44}.Debug|Any CPU.Build.0 = Debug|Any CPU
		{075DE5F9-3AC5-B489-2CC9-24533D5E9B44}.Release|Any CPU.ActiveCfg = Release|Any CPU
		{075DE5F9-3AC5-B489-2CC9-24533D5E9B44}.Release|Any CPU.Build.0 = Release|Any CPU
		{D76E5DF0-F098-9570-A84C-CAD6C9313734}.Debug|Any CPU.ActiveCfg = Debug|Any CPU
		{D76E5DF0-F098-9570-A84C-CAD6C9313734}.Debug|Any CPU.Build.0 = Debug|Any CPU
		{D76E5DF0-F098-9570-A84C-CAD6C9313734}.Release|Any CPU.ActiveCfg = Release|Any CPU
		{D76E5DF0-F098-9570-A84C-CAD6C9313734}.Release|Any CPU.Build.0 = Release|Any CPU
		{C6F86602-97B4-82D1-58C6-E05034CBCBF1}.Debug|Any CPU.ActiveCfg = Debug|Any CPU
		{C6F86602-97B4-82D1-58C6-E05034CBCBF1}.Debug|Any CPU.Build.0 = Debug|Any CPU
		{C6F86602-97B4-82D1-58C6-E05034CBCBF1}.Release|Any CPU.ActiveCfg = Release|Any CPU
		{C6F86602-97B4-82D1-58C6-E05034CBCBF1}.Release|Any CPU.Build.0 = Release|Any CPU
		{FEE71BD3-1EE2-5001-09C7-157EA0D527F2}.Debug|Any CPU.ActiveCfg = Debug|Any CPU
		{FEE71BD3-1EE2-5001-09C7-157EA0D527F2}.Debug|Any CPU.Build.0 = Debug|Any CPU
		{FEE71BD3-1EE2-5001-09C7-157EA0D527F2}.Release|Any CPU.ActiveCfg = Release|Any CPU
		{FEE71BD3-1EE2-5001-09C7-157EA0D527F2}.Release|Any CPU.Build.0 = Release|Any CPU
		{79A925C4-57C4-A4FE-C745-9224D0466F9B}.Debug|Any CPU.ActiveCfg = Debug|Any CPU
		{79A925C4-57C4-A4FE-C745-9224D0466F9B}.Debug|Any CPU.Build.0 = Debug|Any CPU
		{79A925C4-57C4-A4FE-C745-9224D0466F9B}.Release|Any CPU.ActiveCfg = Release|Any CPU
		{79A925C4-57C4-A4FE-C745-9224D0466F9B}.Release|Any CPU.Build.0 = Release|Any CPU
		{7857EB9B-FB65-9B3D-59AF-65B8181E677D}.Debug|Any CPU.ActiveCfg = Debug|Any CPU
		{7857EB9B-FB65-9B3D-59AF-65B8181E677D}.Debug|Any CPU.Build.0 = Debug|Any CPU
		{7857EB9B-FB65-9B3D-59AF-65B8181E677D}.Release|Any CPU.ActiveCfg = Release|Any CPU
		{7857EB9B-FB65-9B3D-59AF-65B8181E677D}.Release|Any CPU.Build.0 = Release|Any CPU
		{E0707F3C-80EF-C9E8-901F-0C70C9BC0694}.Debug|Any CPU.ActiveCfg = Debug|Any CPU
		{E0707F3C-80EF-C9E8-901F-0C70C9BC0694}.Debug|Any CPU.Build.0 = Debug|Any CPU
		{E0707F3C-80EF-C9E8-901F-0C70C9BC0694}.Release|Any CPU.ActiveCfg = Release|Any CPU
		{E0707F3C-80EF-C9E8-901F-0C70C9BC0694}.Release|Any CPU.Build.0 = Release|Any CPU
		{796F1E20-4033-BEA7-28D2-89338ED667FF}.Debug|Any CPU.ActiveCfg = Debug|Any CPU
		{796F1E20-4033-BEA7-28D2-89338ED667FF}.Debug|Any CPU.Build.0 = Debug|Any CPU
		{796F1E20-4033-BEA7-28D2-89338ED667FF}.Release|Any CPU.ActiveCfg = Release|Any CPU
		{796F1E20-4033-BEA7-28D2-89338ED667FF}.Release|Any CPU.Build.0 = Release|Any CPU
		{6C6A91B8-E7B4-A11D-75D8-288C5D9D2DB9}.Debug|Any CPU.ActiveCfg = Debug|Any CPU
		{6C6A91B8-E7B4-A11D-75D8-288C5D9D2DB9}.Debug|Any CPU.Build.0 = Debug|Any CPU
		{6C6A91B8-E7B4-A11D-75D8-288C5D9D2DB9}.Release|Any CPU.ActiveCfg = Release|Any CPU
		{6C6A91B8-E7B4-A11D-75D8-288C5D9D2DB9}.Release|Any CPU.Build.0 = Release|Any CPU
		{138C92A5-1295-1E33-A9F4-E3DC22A59F93}.Debug|Any CPU.ActiveCfg = Debug|Any CPU
		{138C92A5-1295-1E33-A9F4-E3DC22A59F93}.Debug|Any CPU.Build.0 = Debug|Any CPU
		{138C92A5-1295-1E33-A9F4-E3DC22A59F93}.Release|Any CPU.ActiveCfg = Release|Any CPU
		{138C92A5-1295-1E33-A9F4-E3DC22A59F93}.Release|Any CPU.Build.0 = Release|Any CPU
		{1C7C68FD-5776-CECE-25D8-9989A7508EE6}.Debug|Any CPU.ActiveCfg = Debug|Any CPU
		{1C7C68FD-5776-CECE-25D8-9989A7508EE6}.Debug|Any CPU.Build.0 = Debug|Any CPU
		{1C7C68FD-5776-CECE-25D8-9989A7508EE6}.Release|Any CPU.ActiveCfg = Release|Any CPU
		{1C7C68FD-5776-CECE-25D8-9989A7508EE6}.Release|Any CPU.Build.0 = Release|Any CPU
		{1778C4AF-B911-1FCA-D226-35335B2E4F1F}.Debug|Any CPU.ActiveCfg = Debug|Any CPU
		{1778C4AF-B911-1FCA-D226-35335B2E4F1F}.Debug|Any CPU.Build.0 = Debug|Any CPU
		{1778C4AF-B911-1FCA-D226-35335B2E4F1F}.Release|Any CPU.ActiveCfg = Release|Any CPU
		{1778C4AF-B911-1FCA-D226-35335B2E4F1F}.Release|Any CPU.Build.0 = Release|Any CPU
		{1E4EB9DC-7A73-11E9-DA34-71D146CA8729}.Debug|Any CPU.ActiveCfg = Debug|Any CPU
		{1E4EB9DC-7A73-11E9-DA34-71D146CA8729}.Debug|Any CPU.Build.0 = Debug|Any CPU
		{1E4EB9DC-7A73-11E9-DA34-71D146CA8729}.Release|Any CPU.ActiveCfg = Release|Any CPU
		{1E4EB9DC-7A73-11E9-DA34-71D146CA8729}.Release|Any CPU.Build.0 = Release|Any CPU
		{E420758D-B5DE-4534-5108-89B38997E1BC}.Debug|Any CPU.ActiveCfg = Debug|Any CPU
		{E420758D-B5DE-4534-5108-89B38997E1BC}.Debug|Any CPU.Build.0 = Debug|Any CPU
		{E420758D-B5DE-4534-5108-89B38997E1BC}.Release|Any CPU.ActiveCfg = Release|Any CPU
		{E420758D-B5DE-4534-5108-89B38997E1BC}.Release|Any CPU.Build.0 = Release|Any CPU
		{FB6C970D-916B-7648-D7DE-FE43327DFF26}.Debug|Any CPU.ActiveCfg = Debug|Any CPU
		{FB6C970D-916B-7648-D7DE-FE43327DFF26}.Debug|Any CPU.Build.0 = Debug|Any CPU
		{FB6C970D-916B-7648-D7DE-FE43327DFF26}.Release|Any CPU.ActiveCfg = Release|Any CPU
		{FB6C970D-916B-7648-D7DE-FE43327DFF26}.Release|Any CPU.Build.0 = Release|Any CPU
		{5F2A2CB6-F7D2-143F-67EF-9745F2C654AC}.Debug|Any CPU.ActiveCfg = Debug|Any CPU
		{5F2A2CB6-F7D2-143F-67EF-9745F2C654AC}.Debug|Any CPU.Build.0 = Debug|Any CPU
		{5F2A2CB6-F7D2-143F-67EF-9745F2C654AC}.Release|Any CPU.ActiveCfg = Release|Any CPU
		{5F2A2CB6-F7D2-143F-67EF-9745F2C654AC}.Release|Any CPU.Build.0 = Release|Any CPU
		{63815C63-6A56-8E54-190F-7DF91F22D825}.Debug|Any CPU.ActiveCfg = Debug|Any CPU
		{63815C63-6A56-8E54-190F-7DF91F22D825}.Debug|Any CPU.Build.0 = Debug|Any CPU
		{63815C63-6A56-8E54-190F-7DF91F22D825}.Release|Any CPU.ActiveCfg = Release|Any CPU
		{63815C63-6A56-8E54-190F-7DF91F22D825}.Release|Any CPU.Build.0 = Release|Any CPU
		{07DFDC56-8EBF-0AC5-6AF5-6CB0A6DEFA74}.Debug|Any CPU.ActiveCfg = Debug|Any CPU
		{07DFDC56-8EBF-0AC5-6AF5-6CB0A6DEFA74}.Debug|Any CPU.Build.0 = Debug|Any CPU
		{07DFDC56-8EBF-0AC5-6AF5-6CB0A6DEFA74}.Release|Any CPU.ActiveCfg = Release|Any CPU
		{07DFDC56-8EBF-0AC5-6AF5-6CB0A6DEFA74}.Release|Any CPU.Build.0 = Release|Any CPU
		{DFF82187-12D7-0ADB-4C34-9962B5020011}.Debug|Any CPU.ActiveCfg = Debug|Any CPU
		{DFF82187-12D7-0ADB-4C34-9962B5020011}.Debug|Any CPU.Build.0 = Debug|Any CPU
		{DFF82187-12D7-0ADB-4C34-9962B5020011}.Release|Any CPU.ActiveCfg = Release|Any CPU
		{DFF82187-12D7-0ADB-4C34-9962B5020011}.Release|Any CPU.Build.0 = Release|Any CPU
		{B802B820-7731-D4A4-AAA0-1446CA0D4273}.Debug|Any CPU.ActiveCfg = Debug|Any CPU
		{B802B820-7731-D4A4-AAA0-1446CA0D4273}.Debug|Any CPU.Build.0 = Debug|Any CPU
		{B802B820-7731-D4A4-AAA0-1446CA0D4273}.Release|Any CPU.ActiveCfg = Release|Any CPU
		{B802B820-7731-D4A4-AAA0-1446CA0D4273}.Release|Any CPU.Build.0 = Release|Any CPU
		{AFC7E04A-B2E1-9013-F507-555D5AE70AF8}.Debug|Any CPU.ActiveCfg = Debug|Any CPU
		{AFC7E04A-B2E1-9013-F507-555D5AE70AF8}.Debug|Any CPU.Build.0 = Debug|Any CPU
		{AFC7E04A-B2E1-9013-F507-555D5AE70AF8}.Release|Any CPU.ActiveCfg = Release|Any CPU
		{AFC7E04A-B2E1-9013-F507-555D5AE70AF8}.Release|Any CPU.Build.0 = Release|Any CPU
		{12920C47-61E5-457D-AAFF-449B3EDA001E}.Debug|Any CPU.ActiveCfg = Debug|Any CPU
		{12920C47-61E5-457D-AAFF-449B3EDA001E}.Debug|Any CPU.Build.0 = Debug|Any CPU
		{12920C47-61E5-457D-AAFF-449B3EDA001E}.Release|Any CPU.ActiveCfg = Release|Any CPU
		{12920C47-61E5-457D-AAFF-449B3EDA001E}.Release|Any CPU.Build.0 = Release|Any CPU
		{8F86DFA0-6C7D-B54E-2BD8-6BC50B2FC6C2}.Debug|Any CPU.ActiveCfg = Debug|Any CPU
		{8F86DFA0-6C7D-B54E-2BD8-6BC50B2FC6C2}.Debug|Any CPU.Build.0 = Debug|Any CPU
		{8F86DFA0-6C7D-B54E-2BD8-6BC50B2FC6C2}.Release|Any CPU.ActiveCfg = Release|Any CPU
		{8F86DFA0-6C7D-B54E-2BD8-6BC50B2FC6C2}.Release|Any CPU.Build.0 = Release|Any CPU
		{DB4CD7A4-92F8-3AF8-E057-D3C4BCCAF327}.Debug|Any CPU.ActiveCfg = Debug|Any CPU
		{DB4CD7A4-92F8-3AF8-E057-D3C4BCCAF327}.Debug|Any CPU.Build.0 = Debug|Any CPU
		{DB4CD7A4-92F8-3AF8-E057-D3C4BCCAF327}.Release|Any CPU.ActiveCfg = Release|Any CPU
		{DB4CD7A4-92F8-3AF8-E057-D3C4BCCAF327}.Release|Any CPU.Build.0 = Release|Any CPU
		{6A240AB2-8C30-AF66-1667-3BD75EA5F683}.Debug|Any CPU.ActiveCfg = Debug|Any CPU
		{6A240AB2-8C30-AF66-1667-3BD75EA5F683}.Debug|Any CPU.Build.0 = Debug|Any CPU
		{6A240AB2-8C30-AF66-1667-3BD75EA5F683}.Release|Any CPU.ActiveCfg = Release|Any CPU
		{6A240AB2-8C30-AF66-1667-3BD75EA5F683}.Release|Any CPU.Build.0 = Release|Any CPU
		{619287D7-A373-1EA5-7E1F-3DDA074AD04E}.Debug|Any CPU.ActiveCfg = Debug|Any CPU
		{619287D7-A373-1EA5-7E1F-3DDA074AD04E}.Debug|Any CPU.Build.0 = Debug|Any CPU
		{619287D7-A373-1EA5-7E1F-3DDA074AD04E}.Release|Any CPU.ActiveCfg = Release|Any CPU
		{619287D7-A373-1EA5-7E1F-3DDA074AD04E}.Release|Any CPU.Build.0 = Release|Any CPU
	EndGlobalSection
	GlobalSection(SolutionProperties) = preSolution
		HideSolutionNode = FALSE
	EndGlobalSection
EndGlobal
